
Microsoft Visual Studio Solution File, Format Version 12.00
# Visual Studio Version 17
VisualStudioVersion = 17.4.33213.308
MinimumVisualStudioVersion = 10.0.40219.1
Project("{FAE04EC0-301F-11D3-BF4B-00C04F79EFBC}") = "MigrationsExample1", "MigrationsExample1.csproj", "{40C15BF4-C9D8-4804-83D2-3AB65EA848B1}"
EndProject
Project("{FAE04EC0-301F-11D3-BF4B-00C04F79EFBC}") = "MigrationsExample2", "..\MigrationsExample2\MigrationsExample2.csproj", "{8E20E859-9C55-41E7-9013-360E12238569}"
EndProject
Project("{FAE04EC0-301F-11D3-BF4B-00C04F79EFBC}") = "MigrationsExample3", "..\MigrationsExample3\MigrationsExample3.csproj", "{0EF85039-6764-403E-844E-6A877A8D7AE5}"
EndProject
Global
	GlobalSection(SolutionConfigurationPlatforms) = preSolution
		Debug|Any CPU = Debug|Any CPU
		Release|Any CPU = Release|Any CPU
	EndGlobalSection
	GlobalSection(ProjectConfigurationPlatforms) = postSolution
		{40C15BF4-C9D8-4804-83D2-3AB65EA848B1}.Debug|Any CPU.ActiveCfg = Debug|Any CPU
		{40C15BF4-C9D8-4804-83D2-3AB65EA848B1}.Debug|Any CPU.Build.0 = Debug|Any CPU
		{40C15BF4-C9D8-4804-83D2-3AB65EA848B1}.Release|Any CPU.ActiveCfg = Release|Any CPU
		{40C15BF4-C9D8-4804-83D2-3AB65EA848B1}.Release|Any CPU.Build.0 = Release|Any CPU
		{8E20E859-9C55-41E7-9013-360E12238569}.Debug|Any CPU.ActiveCfg = Debug|Any CPU
		{8E20E859-9C55-41E7-9013-360E12238569}.Debug|Any CPU.Build.0 = Debug|Any CPU
		{8E20E859-9C55-41E7-9013-360E12238569}.Release|Any CPU.ActiveCfg = Release|Any CPU
		{8E20E859-9C55-41E7-9013-360E12238569}.Release|Any CPU.Build.0 = Release|Any CPU
		{0EF85039-6764-403E-844E-6A877A8D7AE5}.Debug|Any CPU.ActiveCfg = Debug|Any CPU
		{0EF85039-6764-403E-844E-6A877A8D7AE5}.Debug|Any CPU.Build.0 = Debug|Any CPU
		{0EF85039-6764-403E-844E-6A877A8D7AE5}.Release|Any CPU.ActiveCfg = Release|Any CPU
		{0EF85039-6764-403E-844E-6A877A8D7AE5}.Release|Any CPU.Build.0 = Release|Any CPU
	EndGlobalSection
	GlobalSection(SolutionProperties) = preSolution
		HideSolutionNode = FALSE
	EndGlobalSection
	GlobalSection(ExtensibilityGlobals) = postSolution
		SolutionGuid = {926DEC28-92A1-435E-B13C-085F0E8F6359}
	EndGlobalSection
EndGlobal
