
Microsoft Visual Studio Solution File, Format Version 12.00
# Visual Studio Version 17
VisualStudioVersion = 17.4.33213.308
MinimumVisualStudioVersion = 10.0.40219.1
Project("{FAE04EC0-301F-11D3-BF4B-00C04F79EFBC}") = "MigrationsExamples", "MigrationsExamples.csproj", "{0A287544-63DE-4538-B94B-465A1858BCEF}"
EndProject
Global
	GlobalSection(SolutionConfigurationPlatforms) = preSolution
		Debug|Any CPU = Debug|Any CPU
		Release|Any CPU = Release|Any CPU
	EndGlobalSection
	GlobalSection(ProjectConfigurationPlatforms) = postSolution
		{0A287544-63DE-4538-B94B-465A1858BCEF}.Debug|Any CPU.ActiveCfg = Debug|Any CPU
		{0A287544-63DE-4538-B94B-465A1858BCEF}.Debug|Any CPU.Build.0 = Debug|Any CPU
		{0A287544-63DE-4538-B94B-465A1858BCEF}.Release|Any CPU.ActiveCfg = Release|Any CPU
		{0A287544-63DE-4538-B94B-465A1858BCEF}.Release|Any CPU.Build.0 = Release|Any CPU
	EndGlobalSection
	GlobalSection(SolutionProperties) = preSolution
		HideSolutionNode = FALSE
	EndGlobalSection
	GlobalSection(ExtensibilityGlobals) = postSolution
		SolutionGuid = {A1A05FDA-961D-4693-8FBD-810AED58717D}
	EndGlobalSection
EndGlobal
